// !$*UTF8*$!
{
	archiveVersion = 1;
	classes = {
	};
	objectVersion = 46;
	objects = {

/* Begin PBXBuildFile section */
		B66A83061D2E214F0030198B /* main.m in Sources */ = {isa = PBXBuildFile; fileRef = B66A83051D2E214F0030198B /* main.m */; };
		B66A83091D2E214F0030198B /* AppDelegate.m in Sources */ = {isa = PBXBuildFile; fileRef = B66A83081D2E214F0030198B /* AppDelegate.m */; };
		B66A830C1D2E214F0030198B /* ViewController.m in Sources */ = {isa = PBXBuildFile; fileRef = B66A830B1D2E214F0030198B /* ViewController.m */; };
		B66A83111D2E214F0030198B /* Assets.xcassets in Resources */ = {isa = PBXBuildFile; fileRef = B66A83101D2E214F0030198B /* Assets.xcassets */; };
		B66A83141D2E214F0030198B /* LaunchScreen.storyboard in Resources */ = {isa = PBXBuildFile; fileRef = B66A83121D2E214F0030198B /* LaunchScreen.storyboard */; };
		B66A831F1D2E214F0030198B /* NewsFeedCodeTestTests.m in Sources */ = {isa = PBXBuildFile; fileRef = B66A831E1D2E214F0030198B /* NewsFeedCodeTestTests.m */; };
		B66A832A1D2E214F0030198B /* NewsFeedCodeTestUITests.m in Sources */ = {isa = PBXBuildFile; fileRef = B66A83291D2E214F0030198B /* NewsFeedCodeTestUITests.m */; };
		B66A83391D2E23330030198B /* DongFramework.m in Sources */ = {isa = PBXBuildFile; fileRef = B66A83381D2E23330030198B /* DongFramework.m */; };
		B66A833C1D2E292D0030198B /* CustomNewsFeedTableView.m in Sources */ = {isa = PBXBuildFile; fileRef = B66A833B1D2E292D0030198B /* CustomNewsFeedTableView.m */; };
/* End PBXBuildFile section */

/* Begin PBXContainerItemProxy section */
		B66A831B1D2E214F0030198B /* PBXContainerItemProxy */ = {
			isa = PBXContainerItemProxy;
			containerPortal = B66A82F91D2E214F0030198B /* Project object */;
			proxyType = 1;
			remoteGlobalIDString = B66A83001D2E214F0030198B;
			remoteInfo = NewsFeedCodeTest;
		};
		B66A83261D2E214F0030198B /* PBXContainerItemProxy */ = {
			isa = PBXContainerItemProxy;
			containerPortal = B66A82F91D2E214F0030198B /* Project object */;
			proxyType = 1;
			remoteGlobalIDString = B66A83001D2E214F0030198B;
			remoteInfo = NewsFeedCodeTest;
		};
/* End PBXContainerItemProxy section */

/* Begin PBXFileReference section */
		B66A83011D2E214F0030198B /* NewsFeedCodeTest.app */ = {isa = PBXFileReference; explicitFileType = wrapper.application; includeInIndex = 0; path = NewsFeedCodeTest.app; sourceTree = BUILT_PRODUCTS_DIR; };
		B66A83051D2E214F0030198B /* main.m */ = {isa = PBXFileReference; lastKnownFileType = sourcecode.c.objc; path = main.m; sourceTree = "<group>"; };
		B66A83071D2E214F0030198B /* AppDelegate.h */ = {isa = PBXFileReference; lastKnownFileType = sourcecode.c.h; path = AppDelegate.h; sourceTree = "<group>"; };
		B66A83081D2E214F0030198B /* AppDelegate.m */ = {isa = PBXFileReference; lastKnownFileType = sourcecode.c.objc; path = AppDelegate.m; sourceTree = "<group>"; };
		B66A830A1D2E214F0030198B /* ViewController.h */ = {isa = PBXFileReference; lastKnownFileType = sourcecode.c.h; path = ViewController.h; sourceTree = "<group>"; };
		B66A830B1D2E214F0030198B /* ViewController.m */ = {isa = PBXFileReference; lastKnownFileType = sourcecode.c.objc; path = ViewController.m; sourceTree = "<group>"; };
		B66A83101D2E214F0030198B /* Assets.xcassets */ = {isa = PBXFileReference; lastKnownFileType = folder.assetcatalog; path = Assets.xcassets; sourceTree = "<group>"; };
		B66A83131D2E214F0030198B /* Base */ = {isa = PBXFileReference; lastKnownFileType = file.storyboard; name = Base; path = Base.lproj/LaunchScreen.storyboard; sourceTree = "<group>"; };
		B66A83151D2E214F0030198B /* Info.plist */ = {isa = PBXFileReference; lastKnownFileType = text.plist.xml; path = Info.plist; sourceTree = "<group>"; };
		B66A831A1D2E214F0030198B /* NewsFeedCodeTestTests.xctest */ = {isa = PBXFileReference; explicitFileType = wrapper.cfbundle; includeInIndex = 0; path = NewsFeedCodeTestTests.xctest; sourceTree = BUILT_PRODUCTS_DIR; };
		B66A831E1D2E214F0030198B /* NewsFeedCodeTestTests.m */ = {isa = PBXFileReference; lastKnownFileType = sourcecode.c.objc; path = NewsFeedCodeTestTests.m; sourceTree = "<group>"; };
		B66A83201D2E214F0030198B /* Info.plist */ = {isa = PBXFileReference; lastKnownFileType = text.plist.xml; path = Info.plist; sourceTree = "<group>"; };
		B66A83251D2E214F0030198B /* NewsFeedCodeTestUITests.xctest */ = {isa = PBXFileReference; explicitFileType = wrapper.cfbundle; includeInIndex = 0; path = NewsFeedCodeTestUITests.xctest; sourceTree = BUILT_PRODUCTS_DIR; };
		B66A83291D2E214F0030198B /* NewsFeedCodeTestUITests.m */ = {isa = PBXFileReference; lastKnownFileType = sourcecode.c.objc; path = NewsFeedCodeTestUITests.m; sourceTree = "<group>"; };
		B66A832B1D2E214F0030198B /* Info.plist */ = {isa = PBXFileReference; lastKnownFileType = text.plist.xml; path = Info.plist; sourceTree = "<group>"; };
		B66A83371D2E23330030198B /* DongFramework.h */ = {isa = PBXFileReference; fileEncoding = 4; lastKnownFileType = sourcecode.c.h; path = DongFramework.h; sourceTree = "<group>"; };
		B66A83381D2E23330030198B /* DongFramework.m */ = {isa = PBXFileReference; fileEncoding = 4; lastKnownFileType = sourcecode.c.objc; path = DongFramework.m; sourceTree = "<group>"; };
		B66A833A1D2E292D0030198B /* CustomNewsFeedTableView.h */ = {isa = PBXFileReference; fileEncoding = 4; lastKnownFileType = sourcecode.c.h; path = CustomNewsFeedTableView.h; sourceTree = "<group>"; };
		B66A833B1D2E292D0030198B /* CustomNewsFeedTableView.m */ = {isa = PBXFileReference; fileEncoding = 4; lastKnownFileType = sourcecode.c.objc; path = CustomNewsFeedTableView.m; sourceTree = "<group>"; };
/* End PBXFileReference section */

/* Begin PBXFrameworksBuildPhase section */
		B66A82FE1D2E214F0030198B /* Frameworks */ = {
			isa = PBXFrameworksBuildPhase;
			buildActionMask = 2147483647;
			files = (
			);
			runOnlyForDeploymentPostprocessing = 0;
		};
		B66A83171D2E214F0030198B /* Frameworks */ = {
			isa = PBXFrameworksBuildPhase;
			buildActionMask = 2147483647;
			files = (
			);
			runOnlyForDeploymentPostprocessing = 0;
		};
		B66A83221D2E214F0030198B /* Frameworks */ = {
			isa = PBXFrameworksBuildPhase;
			buildActionMask = 2147483647;
			files = (
			);
			runOnlyForDeploymentPostprocessing = 0;
		};
/* End PBXFrameworksBuildPhase section */

/* Begin PBXGroup section */
		B66A82F81D2E214F0030198B = {
			isa = PBXGroup;
			children = (
				B66A83031D2E214F0030198B /* NewsFeedCodeTest */,
				B66A831D1D2E214F0030198B /* NewsFeedCodeTestTests */,
				B66A83281D2E214F0030198B /* NewsFeedCodeTestUITests */,
				B66A83021D2E214F0030198B /* Products */,
			);
			sourceTree = "<group>";
		};
		B66A83021D2E214F0030198B /* Products */ = {
			isa = PBXGroup;
			children = (
				B66A83011D2E214F0030198B /* NewsFeedCodeTest.app */,
				B66A831A1D2E214F0030198B /* NewsFeedCodeTestTests.xctest */,
				B66A83251D2E214F0030198B /* NewsFeedCodeTestUITests.xctest */,
			);
			name = Products;
			sourceTree = "<group>";
		};
		B66A83031D2E214F0030198B /* NewsFeedCodeTest */ = {
			isa = PBXGroup;
			children = (
				B66A83371D2E23330030198B /* DongFramework.h */,
				B66A83381D2E23330030198B /* DongFramework.m */,
				B66A833A1D2E292D0030198B /* CustomNewsFeedTableView.h */,
				B66A833B1D2E292D0030198B /* CustomNewsFeedTableView.m */,
				B66A83071D2E214F0030198B /* AppDelegate.h */,
				B66A83081D2E214F0030198B /* AppDelegate.m */,
				B66A830A1D2E214F0030198B /* ViewController.h */,
				B66A830B1D2E214F0030198B /* ViewController.m */,
				B66A83101D2E214F0030198B /* Assets.xcassets */,
				B66A83121D2E214F0030198B /* LaunchScreen.storyboard */,
				B66A83151D2E214F0030198B /* Info.plist */,
				B66A83041D2E214F0030198B /* Supporting Files */,
			);
			path = NewsFeedCodeTest;
			sourceTree = "<group>";
		};
		B66A83041D2E214F0030198B /* Supporting Files */ = {
			isa = PBXGroup;
			children = (
				B66A83051D2E214F0030198B /* main.m */,
			);
			name = "Supporting Files";
			sourceTree = "<group>";
		};
		B66A831D1D2E214F0030198B /* NewsFeedCodeTestTests */ = {
			isa = PBXGroup;
			children = (
				B66A831E1D2E214F0030198B /* NewsFeedCodeTestTests.m */,
				B66A83201D2E214F0030198B /* Info.plist */,
			);
			path = NewsFeedCodeTestTests;
			sourceTree = "<group>";
		};
		B66A83281D2E214F0030198B /* NewsFeedCodeTestUITests */ = {
			isa = PBXGroup;
			children = (
				B66A83291D2E214F0030198B /* NewsFeedCodeTestUITests.m */,
				B66A832B1D2E214F0030198B /* Info.plist */,
			);
			path = NewsFeedCodeTestUITests;
			sourceTree = "<group>";
		};
/* End PBXGroup section */

/* Begin PBXNativeTarget section */
		B66A83001D2E214F0030198B /* NewsFeedCodeTest */ = {
			isa = PBXNativeTarget;
			buildConfigurationList = B66A832E1D2E214F0030198B /* Build configuration list for PBXNativeTarget "NewsFeedCodeTest" */;
			buildPhases = (
				B66A82FD1D2E214F0030198B /* Sources */,
				B66A82FE1D2E214F0030198B /* Frameworks */,
				B66A82FF1D2E214F0030198B /* Resources */,
			);
			buildRules = (
			);
			dependencies = (
			);
			name = NewsFeedCodeTest;
			productName = NewsFeedCodeTest;
			productReference = B66A83011D2E214F0030198B /* NewsFeedCodeTest.app */;
			productType = "com.apple.product-type.application";
		};
		B66A83191D2E214F0030198B /* NewsFeedCodeTestTests */ = {
			isa = PBXNativeTarget;
			buildConfigurationList = B66A83311D2E214F0030198B /* Build configuration list for PBXNativeTarget "NewsFeedCodeTestTests" */;
			buildPhases = (
				B66A83161D2E214F0030198B /* Sources */,
				B66A83171D2E214F0030198B /* Frameworks */,
				B66A83181D2E214F0030198B /* Resources */,
			);
			buildRules = (
			);
			dependencies = (
				B66A831C1D2E214F0030198B /* PBXTargetDependency */,
			);
			name = NewsFeedCodeTestTests;
			productName = NewsFeedCodeTestTests;
			productReference = B66A831A1D2E214F0030198B /* NewsFeedCodeTestTests.xctest */;
			productType = "com.apple.product-type.bundle.unit-test";
		};
		B66A83241D2E214F0030198B /* NewsFeedCodeTestUITests */ = {
			isa = PBXNativeTarget;
			buildConfigurationList = B66A83341D2E214F0030198B /* Build configuration list for PBXNativeTarget "NewsFeedCodeTestUITests" */;
			buildPhases = (
				B66A83211D2E214F0030198B /* Sources */,
				B66A83221D2E214F0030198B /* Frameworks */,
				B66A83231D2E214F0030198B /* Resources */,
			);
			buildRules = (
			);
			dependencies = (
				B66A83271D2E214F0030198B /* PBXTargetDependency */,
			);
			name = NewsFeedCodeTestUITests;
			productName = NewsFeedCodeTestUITests;
			productReference = B66A83251D2E214F0030198B /* NewsFeedCodeTestUITests.xctest */;
			productType = "com.apple.product-type.bundle.ui-testing";
		};
/* End PBXNativeTarget section */

/* Begin PBXProject section */
		B66A82F91D2E214F0030198B /* Project object */ = {
			isa = PBXProject;
			attributes = {
				LastUpgradeCheck = 0730;
				ORGANIZATIONNAME = Dong;
				TargetAttributes = {
					B66A83001D2E214F0030198B = {
						CreatedOnToolsVersion = 7.3;
					};
					B66A83191D2E214F0030198B = {
						CreatedOnToolsVersion = 7.3;
						TestTargetID = B66A83001D2E214F0030198B;
					};
					B66A83241D2E214F0030198B = {
						CreatedOnToolsVersion = 7.3;
						TestTargetID = B66A83001D2E214F0030198B;
					};
				};
			};
			buildConfigurationList = B66A82FC1D2E214F0030198B /* Build configuration list for PBXProject "NewsFeedCodeTest" */;
			compatibilityVersion = "Xcode 3.2";
			developmentRegion = English;
			hasScannedForEncodings = 0;
			knownRegions = (
				en,
				Base,
			);
			mainGroup = B66A82F81D2E214F0030198B;
			productRefGroup = B66A83021D2E214F0030198B /* Products */;
			projectDirPath = "";
			projectRoot = "";
			targets = (
				B66A83001D2E214F0030198B /* NewsFeedCodeTest */,
				B66A83191D2E214F0030198B /* NewsFeedCodeTestTests */,
				B66A83241D2E214F0030198B /* NewsFeedCodeTestUITests */,
			);
		};
/* End PBXProject section */

/* Begin PBXResourcesBuildPhase section */
		B66A82FF1D2E214F0030198B /* Resources */ = {
			isa = PBXResourcesBuildPhase;
			buildActionMask = 2147483647;
			files = (
				B66A83141D2E214F0030198B /* LaunchScreen.storyboard in Resources */,
				B66A83111D2E214F0030198B /* Assets.xcassets in Resources */,
			);
			runOnlyForDeploymentPostprocessing = 0;
		};
		B66A83181D2E214F0030198B /* Resources */ = {
			isa = PBXResourcesBuildPhase;
			buildActionMask = 2147483647;
			files = (
			);
			runOnlyForDeploymentPostprocessing = 0;
		};
		B66A83231D2E214F0030198B /* Resources */ = {
			isa = PBXResourcesBuildPhase;
			buildActionMask = 2147483647;
			files = (
			);
			runOnlyForDeploymentPostprocessing = 0;
		};
/* End PBXResourcesBuildPhase section */

/* Begin PBXSourcesBuildPhase section */
		B66A82FD1D2E214F0030198B /* Sources */ = {
			isa = PBXSourcesBuildPhase;
			buildActionMask = 2147483647;
			files = (
				B66A83391D2E23330030198B /* DongFramework.m in Sources */,
				B66A830C1D2E214F0030198B /* ViewController.m in Sources */,
				B66A83091D2E214F0030198B /* AppDelegate.m in Sources */,
				B66A833C1D2E292D0030198B /* CustomNewsFeedTableView.m in Sources */,
				B66A83061D2E214F0030198B /* main.m in Sources */,
			);
			runOnlyForDeploymentPostprocessing = 0;
		};
		B66A83161D2E214F0030198B /* Sources */ = {
			isa = PBXSourcesBuildPhase;
			buildActionMask = 2147483647;
			files = (
				B66A831F1D2E214F0030198B /* NewsFeedCodeTestTests.m in Sources */,
			);
			runOnlyForDeploymentPostprocessing = 0;
		};
		B66A83211D2E214F0030198B /* Sources */ = {
			isa = PBXSourcesBuildPhase;
			buildActionMask = 2147483647;
			files = (
				B66A832A1D2E214F0030198B /* NewsFeedCodeTestUITests.m in Sources */,
			);
			runOnlyForDeploymentPostprocessing = 0;
		};
/* End PBXSourcesBuildPhase section */

/* Begin PBXTargetDependency section */
		B66A831C1D2E214F0030198B /* PBXTargetDependency */ = {
			isa = PBXTargetDependency;
			target = B66A83001D2E214F0030198B /* NewsFeedCodeTest */;
			targetProxy = B66A831B1D2E214F0030198B /* PBXContainerItemProxy */;
		};
		B66A83271D2E214F0030198B /* PBXTargetDependency */ = {
			isa = PBXTargetDependency;
			target = B66A83001D2E214F0030198B /* NewsFeedCodeTest */;
			targetProxy = B66A83261D2E214F0030198B /* PBXContainerItemProxy */;
		};
/* End PBXTargetDependency section */

/* Begin PBXVariantGroup section */
		B66A83121D2E214F0030198B /* LaunchScreen.storyboard */ = {
			isa = PBXVariantGroup;
			children = (
				B66A83131D2E214F0030198B /* Base */,
			);
			name = LaunchScreen.storyboard;
			sourceTree = "<group>";
		};
/* End PBXVariantGroup section */

/* Begin XCBuildConfiguration section */
		B66A832C1D2E214F0030198B /* Debug */ = {
			isa = XCBuildConfiguration;
			buildSettings = {
				ALWAYS_SEARCH_USER_PATHS = NO;
				CLANG_ANALYZER_NONNULL = YES;
				CLANG_CXX_LANGUAGE_STANDARD = "gnu++0x";
				CLANG_CXX_LIBRARY = "libc++";
				CLANG_ENABLE_MODULES = YES;
				CLANG_ENABLE_OBJC_ARC = YES;
				CLANG_WARN_BOOL_CONVERSION = YES;
				CLANG_WARN_CONSTANT_CONVERSION = YES;
				CLANG_WARN_DIRECT_OBJC_ISA_USAGE = YES_ERROR;
				CLANG_WARN_EMPTY_BODY = YES;
				CLANG_WARN_ENUM_CONVERSION = YES;
				CLANG_WARN_INT_CONVERSION = YES;
				CLANG_WARN_OBJC_ROOT_CLASS = YES_ERROR;
				CLANG_WARN_UNREACHABLE_CODE = YES;
				CLANG_WARN__DUPLICATE_METHOD_MATCH = YES;
				"CODE_SIGN_IDENTITY[sdk=iphoneos*]" = "iPhone Developer";
				COPY_PHASE_STRIP = NO;
				DEBUG_INFORMATION_FORMAT = dwarf;
				ENABLE_STRICT_OBJC_MSGSEND = YES;
				ENABLE_TESTABILITY = YES;
				GCC_C_LANGUAGE_STANDARD = gnu99;
				GCC_DYNAMIC_NO_PIC = NO;
				GCC_NO_COMMON_BLOCKS = YES;
				GCC_OPTIMIZATION_LEVEL = 0;
				GCC_PREPROCESSOR_DEFINITIONS = (
					"DEBUG=1",
					"$(inherited)",
				);
				GCC_WARN_64_TO_32_BIT_CONVERSION = YES;
				GCC_WARN_ABOUT_RETURN_TYPE = YES_ERROR;
				GCC_WARN_UNDECLARED_SELECTOR = YES;
				GCC_WARN_UNINITIALIZED_AUTOS = YES_AGGRESSIVE;
				GCC_WARN_UNUSED_FUNCTION = YES;
				GCC_WARN_UNUSED_VARIABLE = YES;
				IPHONEOS_DEPLOYMENT_TARGET = 9.3;
				MTL_ENABLE_DEBUG_INFO = YES;
				ONLY_ACTIVE_ARCH = YES;
				SDKROOT = iphoneos;
			};
			name = Debug;
		};
		B66A832D1D2E214F0030198B /* Release */ = {
			isa = XCBuildConfiguration;
			buildSettings = {
				ALWAYS_SEARCH_USER_PATHS = NO;
				CLANG_ANALYZER_NONNULL = YES;
				CLANG_CXX_LANGUAGE_STANDARD = "gnu++0x";
				CLANG_CXX_LIBRARY = "libc++";
				CLANG_ENABLE_MODULES = YES;
				CLANG_ENABLE_OBJC_ARC = YES;
				CLANG_WARN_BOOL_CONVERSION = YES;
				CLANG_WARN_CONSTANT_CONVERSION = YES;
				CLANG_WARN_DIRECT_OBJC_ISA_USAGE = YES_ERROR;
				CLANG_WARN_EMPTY_BODY = YES;
				CLANG_WARN_ENUM_CONVERSION = YES;
				CLANG_WARN_INT_CONVERSION = YES;
				CLANG_WARN_OBJC_ROOT_CLASS = YES_ERROR;
				CLANG_WARN_UNREACHABLE_CODE = YES;
				CLANG_WARN__DUPLICATE_METHOD_MATCH = YES;
				"CODE_SIGN_IDENTITY[sdk=iphoneos*]" = "iPhone Developer";
				COPY_PHASE_STRIP = NO;
				DEBUG_INFORMATION_FORMAT = "dwarf-with-dsym";
				ENABLE_NS_ASSERTIONS = NO;
				ENABLE_STRICT_OBJC_MSGSEND = YES;
				GCC_C_LANGUAGE_STANDARD = gnu99;
				GCC_NO_COMMON_BLOCKS = YES;
				GCC_WARN_64_TO_32_BIT_CONVERSION = YES;
				GCC_WARN_ABOUT_RETURN_TYPE = YES_ERROR;
				GCC_WARN_UNDECLARED_SELECTOR = YES;
				GCC_WARN_UNINITIALIZED_AUTOS = YES_AGGRESSIVE;
				GCC_WARN_UNUSED_FUNCTION = YES;
				GCC_WARN_UNUSED_VARIABLE = YES;
				IPHONEOS_DEPLOYMENT_TARGET = 9.3;
				MTL_ENABLE_DEBUG_INFO = NO;
				SDKROOT = iphoneos;
				VALIDATE_PRODUCT = YES;
			};
			name = Release;
		};
		B66A832F1D2E214F0030198B /* Debug */ = {
			isa = XCBuildConfiguration;
			buildSettings = {
				ASSETCATALOG_COMPILER_APPICON_NAME = AppIcon;
				INFOPLIST_FILE = NewsFeedCodeTest/Info.plist;
				LD_RUNPATH_SEARCH_PATHS = "$(inherited) @executable_path/Frameworks";
				PRODUCT_BUNDLE_IDENTIFIER = Dong.NewsFeedCodeTest;
				PRODUCT_NAME = "$(TARGET_NAME)";
			};
			name = Debug;
		};
		B66A83301D2E214F0030198B /* Release */ = {
			isa = XCBuildConfiguration;
			buildSettings = {
				ASSETCATALOG_COMPILER_APPICON_NAME = AppIcon;
				INFOPLIST_FILE = NewsFeedCodeTest/Info.plist;
				LD_RUNPATH_SEARCH_PATHS = "$(inherited) @executable_path/Frameworks";
				PRODUCT_BUNDLE_IDENTIFIER = Dong.NewsFeedCodeTest;
				PRODUCT_NAME = "$(TARGET_NAME)";
			};
			name = Release;
		};
		B66A83321D2E214F0030198B /* Debug */ = {
			isa = XCBuildConfiguration;
			buildSettings = {
				BUNDLE_LOADER = "$(TEST_HOST)";
				INFOPLIST_FILE = NewsFeedCodeTestTests/Info.plist;
				LD_RUNPATH_SEARCH_PATHS = "$(inherited) @executable_path/Frameworks @loader_path/Frameworks";
				PRODUCT_BUNDLE_IDENTIFIER = Dong.NewsFeedCodeTestTests;
				PRODUCT_NAME = "$(TARGET_NAME)";
				TEST_HOST = "$(BUILT_PRODUCTS_DIR)/NewsFeedCodeTest.app/NewsFeedCodeTest";
			};
			name = Debug;
		};
		B66A83331D2E214F0030198B /* Release */ = {
			isa = XCBuildConfiguration;
			buildSettings = {
				BUNDLE_LOADER = "$(TEST_HOST)";
				INFOPLIST_FILE = NewsFeedCodeTestTests/Info.plist;
				LD_RUNPATH_SEARCH_PATHS = "$(inherited) @executable_path/Frameworks @loader_path/Frameworks";
				PRODUCT_BUNDLE_IDENTIFIER = Dong.NewsFeedCodeTestTests;
				PRODUCT_NAME = "$(TARGET_NAME)";
				TEST_HOST = "$(BUILT_PRODUCTS_DIR)/NewsFeedCodeTest.app/NewsFeedCodeTest";
			};
			name = Release;
		};
		B66A83351D2E214F0030198B /* Debug */ = {
			isa = XCBuildConfiguration;
			buildSettings = {
				INFOPLIST_FILE = NewsFeedCodeTestUITests/Info.plist;
				LD_RUNPATH_SEARCH_PATHS = "$(inherited) @executable_path/Frameworks @loader_path/Frameworks";
				PRODUCT_BUNDLE_IDENTIFIER = Dong.NewsFeedCodeTestUITests;
				PRODUCT_NAME = "$(TARGET_NAME)";
				TEST_TARGET_NAME = NewsFeedCodeTest;
			};
			name = Debug;
		};
		B66A83361D2E214F0030198B /* Release */ = {
			isa = XCBuildConfiguration;
			buildSettings = {
				INFOPLIST_FILE = NewsFeedCodeTestUITests/Info.plist;
				LD_RUNPATH_SEARCH_PATHS = "$(inherited) @executable_path/Frameworks @loader_path/Frameworks";
				PRODUCT_BUNDLE_IDENTIFIER = Dong.NewsFeedCodeTestUITests;
				PRODUCT_NAME = "$(TARGET_NAME)";
				TEST_TARGET_NAME = NewsFeedCodeTest;
			};
			name = Release;
		};
/* End XCBuildConfiguration section */

/* Begin XCConfigurationList section */
		B66A82FC1D2E214F0030198B /* Build configuration list for PBXProject "NewsFeedCodeTest" */ = {
			isa = XCConfigurationList;
			buildConfigurations = (
				B66A832C1D2E214F0030198B /* Debug */,
				B66A832D1D2E214F0030198B /* Release */,
			);
			defaultConfigurationIsVisible = 0;
			defaultConfigurationName = Release;
		};
		B66A832E1D2E214F0030198B /* Build configuration list for PBXNativeTarget "NewsFeedCodeTest" */ = {
			isa = XCConfigurationList;
			buildConfigurations = (
				B66A832F1D2E214F0030198B /* Debug */,
				B66A83301D2E214F0030198B /* Release */,
			);
			defaultConfigurationIsVisible = 0;
			defaultConfigurationName = Release;
		};
		B66A83311D2E214F0030198B /* Build configuration list for PBXNativeTarget "NewsFeedCodeTestTests" */ = {
			isa = XCConfigurationList;
			buildConfigurations = (
				B66A83321D2E214F0030198B /* Debug */,
				B66A83331D2E214F0030198B /* Release */,
			);
			defaultConfigurationIsVisible = 0;
			defaultConfigurationName = Release;
		};
		B66A83341D2E214F0030198B /* Build configuration list for PBXNativeTarget "NewsFeedCodeTestUITests" */ = {
			isa = XCConfigurationList;
			buildConfigurations = (
				B66A83351D2E214F0030198B /* Debug */,
				B66A83361D2E214F0030198B /* Release */,
			);
			defaultConfigurationIsVisible = 0;
			defaultConfigurationName = Release;
		};
/* End XCConfigurationList section */
	};
	rootObject = B66A82F91D2E214F0030198B /* Project object */;
}
